
Microsoft Visual Studio Solution File, Format Version 11.00
# Visual Studio 2010
Project("{2150E333-8FDC-42A3-9474-1A3956D46DE8}") = "Dependecies", "Dependecies", "{7911FD0C-5FF6-4FA9-93EB-45156AC65C3A}"
EndProject
Project("{2150E333-8FDC-42A3-9474-1A3956D46DE8}") = "Tests", "Tests", "{B7122D78-30B8-42EB-BD11-4421933A63F7}"
EndProject
Project("{2150E333-8FDC-42A3-9474-1A3956D46DE8}") = "Solution Items", "Solution Items", "{A6347D06-5A68-4A22-97C6-9A3E3FEE3803}"
	ProjectSection(SolutionItems) = preProject
		Local.testsettings = Local.testsettings
		TailSpin1.vsmdi = TailSpin1.vsmdi
		TraceAndTestImpact.testsettings = TraceAndTestImpact.testsettings
	EndProjectSection
EndProject
Project("{CC5FD16D-436D-48AD-A40C-5A424C6E3E79}") = "TailSpin.Cloud", "TailSpin.Cloud\TailSpin.Cloud.ccproj", "{1031CB72-3B13-4226-813F-97EA7CF9B2CF}"
EndProject
Project("{FAE04EC0-301F-11D3-BF4B-00C04F79EFBC}") = "TailSpin.Web", "TailSpin.Web\TailSpin.Web.csproj", "{191946E4-4C1F-4CF4-A4AD-26C86B0E0D2E}"
EndProject
Project("{FAE04EC0-301F-11D3-BF4B-00C04F79EFBC}") = "TailSpin.Web.Tests", "TailSpin.Web.Tests\TailSpin.Web.Tests.csproj", "{EB28BA43-B790-45D5-BB3C-7AF9958406C0}"
EndProject
Project("{FAE04EC0-301F-11D3-BF4B-00C04F79EFBC}") = "Samples.Web.ClaimsUtillities", "..\Shared\Samples.Web.ClaimsUtillities\Samples.Web.ClaimsUtillities.csproj", "{3C9C7EE0-3FE1-4F7C-AD8C-F1044B16A8DB}"
EndProject
Project("{FAE04EC0-301F-11D3-BF4B-00C04F79EFBC}") = "Adatum.SimulatedIssuer.wp7", "..\Shared\Adatum.SimulatedIssuer.wp7\Adatum.SimulatedIssuer.wp7.csproj", "{A25361B9-FDCC-445F-B620-1267BC6B0B2C}"
EndProject
Project("{FAE04EC0-301F-11D3-BF4B-00C04F79EFBC}") = "TailSpin.SimulatedIssuer.wp7", "..\Shared\TailSpin.SimulatedIssuer.wp7\TailSpin.SimulatedIssuer.wp7.csproj", "{BB00EFBA-1D37-4444-AFB9-A14CFCCFBB2B}"
EndProject
Project("{FAE04EC0-301F-11D3-BF4B-00C04F79EFBC}") = "TailSpin.Web.AcceptanceTests", "TailSpin.Web.AcceptanceTests\TailSpin.Web.AcceptanceTests.csproj", "{83C40984-784A-4DDD-8E23-EB860FE953D8}"
EndProject
Project("{FAE04EC0-301F-11D3-BF4B-00C04F79EFBC}") = "TailSpin.Web.Survey.Public", "TailSpin.Web.Survey.Public\TailSpin.Web.Survey.Public.csproj", "{98167766-B6DE-43EF-82DE-00ED592047EA}"
EndProject
Project("{FAE04EC0-301F-11D3-BF4B-00C04F79EFBC}") = "TailSpin.Web.Survey.Public.Tests", "TailSpin.Web.Survey.Public.Tests\TailSpin.Web.Survey.Public.Tests.csproj", "{A4B8FA2E-A89A-48F7-9EBC-64611DA536DC}"
EndProject
Project("{FAE04EC0-301F-11D3-BF4B-00C04F79EFBC}") = "TailSpin.Web.Survey.Shared", "TailSpin.Web.Survey.Shared\TailSpin.Web.Survey.Shared.csproj", "{A6CCDFCB-108E-4F74-8691-12434A04679C}"
EndProject
Project("{FAE04EC0-301F-11D3-BF4B-00C04F79EFBC}") = "TailSpin.Web.Survey.Shared.Tests", "TailSpin.Web.Survey.Shared.Tests\TailSpin.Web.Survey.Shared.Tests.csproj", "{79F7DCA9-E6D9-406F-A76F-DC31558CE8FD}"
EndProject
Project("{FAE04EC0-301F-11D3-BF4B-00C04F79EFBC}") = "TailSpin.Workers.Surveys", "TailSpin.Workers.Surveys\TailSpin.Workers.Surveys.csproj", "{4CA3ABFD-DE77-4BFF-BAFE-84351C700E5B}"
EndProject
Project("{FAE04EC0-301F-11D3-BF4B-00C04F79EFBC}") = "TailSpin.Workers.Surveys.Tests", "TailSpin.Workers.Surveys.Tests\TailSpin.Workers.Surveys.Tests.csproj", "{5E8459A6-A712-46B1-8B77-2D96C965EC53}"
EndProject
Project("{FAE04EC0-301F-11D3-BF4B-00C04F79EFBC}") = "Fabrikam.SimulatedIssuer.wp7", "..\Shared\Fabrikam.SimulatedIssuer.wp7\Fabrikam.SimulatedIssuer.wp7.csproj", "{09FF60A7-887B-4FE5-B196-8A68B0E375DB}"
EndProject
Project("{FAE04EC0-301F-11D3-BF4B-00C04F79EFBC}") = "TailSpin.PhoneClient", "TailSpin.PhoneClient\TailSpin.PhoneClient.csproj", "{2275537A-E7B3-4F24-BD9F-BA644498FE8A}"
EndProject
Project("{FAE04EC0-301F-11D3-BF4B-00C04F79EFBC}") = "TailSpin.Workers.Notifications", "TailSpin.Workers.Notifications\TailSpin.Workers.Notifications.csproj", "{1721FD05-F014-4739-9B58-22B50E08478F}"
EndProject
Project("{FAE04EC0-301F-11D3-BF4B-00C04F79EFBC}") = "TailSpin.Workers.Notifications.Tests", "TailSpin.Workers.Notifications.Tests\TailSpin.Workers.Notifications.Tests.csproj", "{9DCE3F10-8AAD-4B67-84AA-2DB32F1BB808}"
EndProject
Project("{FAE04EC0-301F-11D3-BF4B-00C04F79EFBC}") = "TailSpin.PhoneClient.Tests", "TailSpin.PhoneClient.Tests\TailSpin.PhoneClient.Tests.csproj", "{C93DFACD-295E-49BF-8549-4385960F196B}"
EndProject
Project("{FAE04EC0-301F-11D3-BF4B-00C04F79EFBC}") = "TailSpin.Services.Surveys", "TailSpin.Services.Surveys\TailSpin.Services.Surveys.csproj", "{14672B57-6521-4140-AF53-338039167978}"
EndProject
Project("{FAE04EC0-301F-11D3-BF4B-00C04F79EFBC}") = "TailSpin.Services.Surveys.Tests", "TailSpin.Services.Surveys.Tests\TailSpin.Services.Surveys.Tests.csproj", "{427566E6-069C-48A7-914D-8AD50FF9FCC8}"
EndProject
Project("{FAE04EC0-301F-11D3-BF4B-00C04F79EFBC}") = "TailSpin.Services.Surveys.Host.Azure", "TailSpin.Services.Surveys.Host.Azure\TailSpin.Services.Surveys.Host.Azure.csproj", "{483BFBC6-46DD-46D1-91C2-225991558B2D}"
EndProject
Project("{FAE04EC0-301F-11D3-BF4B-00C04F79EFBC}") = "Prism", "..\Prism\Prism\Prism.csproj", "{3BC829AC-1DE8-48A7-BE0C-D96CFE6CF0EA}"
EndProject
Project("{FAE04EC0-301F-11D3-BF4B-00C04F79EFBC}") = "Prism.Interactivity", "..\Prism\Prism.Interactivity\Prism.Interactivity.csproj", "{F3CC2EF9-B092-498A-A7D7-E52DE5370700}"
EndProject
Global
	GlobalSection(TestCaseManagementSettings) = postSolution
		CategoryFile = TailSpin1.vsmdi
	EndGlobalSection
	GlobalSection(SolutionConfigurationPlatforms) = preSolution
		Debug|Any CPU = Debug|Any CPU
		PhoneDebug|Any CPU = PhoneDebug|Any CPU
		Release|Any CPU = Release|Any CPU
	EndGlobalSection
	GlobalSection(ProjectConfigurationPlatforms) = postSolution
		{1031CB72-3B13-4226-813F-97EA7CF9B2CF}.Debug|Any CPU.ActiveCfg = Debug|Any CPU
		{1031CB72-3B13-4226-813F-97EA7CF9B2CF}.Debug|Any CPU.Build.0 = Debug|Any CPU
		{1031CB72-3B13-4226-813F-97EA7CF9B2CF}.PhoneDebug|Any CPU.ActiveCfg = Debug|Any CPU
		{1031CB72-3B13-4226-813F-97EA7CF9B2CF}.Release|Any CPU.ActiveCfg = Release|Any CPU
		{1031CB72-3B13-4226-813F-97EA7CF9B2CF}.Release|Any CPU.Build.0 = Release|Any CPU
		{191946E4-4C1F-4CF4-A4AD-26C86B0E0D2E}.Debug|Any CPU.ActiveCfg = Debug|Any CPU
		{191946E4-4C1F-4CF4-A4AD-26C86B0E0D2E}.Debug|Any CPU.Build.0 = Debug|Any CPU
		{191946E4-4C1F-4CF4-A4AD-26C86B0E0D2E}.PhoneDebug|Any CPU.ActiveCfg = PhoneDebug|Any CPU
		{191946E4-4C1F-4CF4-A4AD-26C86B0E0D2E}.Release|Any CPU.ActiveCfg = Release|Any CPU
		{191946E4-4C1F-4CF4-A4AD-26C86B0E0D2E}.Release|Any CPU.Build.0 = Release|Any CPU
		{EB28BA43-B790-45D5-BB3C-7AF9958406C0}.Debug|Any CPU.ActiveCfg = Debug|Any CPU
		{EB28BA43-B790-45D5-BB3C-7AF9958406C0}.Debug|Any CPU.Build.0 = Debug|Any CPU
		{EB28BA43-B790-45D5-BB3C-7AF9958406C0}.PhoneDebug|Any CPU.ActiveCfg = PhoneDebug|Any CPU
		{EB28BA43-B790-45D5-BB3C-7AF9958406C0}.Release|Any CPU.ActiveCfg = Release|Any CPU
		{EB28BA43-B790-45D5-BB3C-7AF9958406C0}.Release|Any CPU.Build.0 = Release|Any CPU
		{3C9C7EE0-3FE1-4F7C-AD8C-F1044B16A8DB}.Debug|Any CPU.ActiveCfg = Debug|Any CPU
		{3C9C7EE0-3FE1-4F7C-AD8C-F1044B16A8DB}.Debug|Any CPU.Build.0 = Debug|Any CPU
		{3C9C7EE0-3FE1-4F7C-AD8C-F1044B16A8DB}.PhoneDebug|Any CPU.ActiveCfg = PhoneDebug|Any CPU
		{3C9C7EE0-3FE1-4F7C-AD8C-F1044B16A8DB}.Release|Any CPU.ActiveCfg = Release|Any CPU
		{3C9C7EE0-3FE1-4F7C-AD8C-F1044B16A8DB}.Release|Any CPU.Build.0 = Release|Any CPU
		{A25361B9-FDCC-445F-B620-1267BC6B0B2C}.Debug|Any CPU.ActiveCfg = Debug|Any CPU
		{A25361B9-FDCC-445F-B620-1267BC6B0B2C}.Debug|Any CPU.Build.0 = Debug|Any CPU
		{A25361B9-FDCC-445F-B620-1267BC6B0B2C}.PhoneDebug|Any CPU.ActiveCfg = PhoneDebug|Any CPU
		{A25361B9-FDCC-445F-B620-1267BC6B0B2C}.Release|Any CPU.ActiveCfg = Release|Any CPU
		{A25361B9-FDCC-445F-B620-1267BC6B0B2C}.Release|Any CPU.Build.0 = Release|Any CPU
		{BB00EFBA-1D37-4444-AFB9-A14CFCCFBB2B}.Debug|Any CPU.ActiveCfg = Debug|Any CPU
		{BB00EFBA-1D37-4444-AFB9-A14CFCCFBB2B}.Debug|Any CPU.Build.0 = Debug|Any CPU
		{BB00EFBA-1D37-4444-AFB9-A14CFCCFBB2B}.PhoneDebug|Any CPU.ActiveCfg = PhoneDebug|Any CPU
		{BB00EFBA-1D37-4444-AFB9-A14CFCCFBB2B}.Release|Any CPU.ActiveCfg = Release|Any CPU
		{BB00EFBA-1D37-4444-AFB9-A14CFCCFBB2B}.Release|Any CPU.Build.0 = Release|Any CPU
		{83C40984-784A-4DDD-8E23-EB860FE953D8}.Debug|Any CPU.ActiveCfg = Debug|Any CPU
		{83C40984-784A-4DDD-8E23-EB860FE953D8}.Debug|Any CPU.Build.0 = Debug|Any CPU
		{83C40984-784A-4DDD-8E23-EB860FE953D8}.PhoneDebug|Any CPU.ActiveCfg = PhoneDebug|Any CPU
		{83C40984-784A-4DDD-8E23-EB860FE953D8}.Release|Any CPU.ActiveCfg = Release|Any CPU
		{83C40984-784A-4DDD-8E23-EB860FE953D8}.Release|Any CPU.Build.0 = Release|Any CPU
		{98167766-B6DE-43EF-82DE-00ED592047EA}.Debug|Any CPU.ActiveCfg = Debug|Any CPU
		{98167766-B6DE-43EF-82DE-00ED592047EA}.Debug|Any CPU.Build.0 = Debug|Any CPU
		{98167766-B6DE-43EF-82DE-00ED592047EA}.PhoneDebug|Any CPU.ActiveCfg = PhoneDebug|Any CPU
		{98167766-B6DE-43EF-82DE-00ED592047EA}.Release|Any CPU.ActiveCfg = Release|Any CPU
		{98167766-B6DE-43EF-82DE-00ED592047EA}.Release|Any CPU.Build.0 = Release|Any CPU
		{A4B8FA2E-A89A-48F7-9EBC-64611DA536DC}.Debug|Any CPU.ActiveCfg = Debug|Any CPU
		{A4B8FA2E-A89A-48F7-9EBC-64611DA536DC}.Debug|Any CPU.Build.0 = Debug|Any CPU
		{A4B8FA2E-A89A-48F7-9EBC-64611DA536DC}.PhoneDebug|Any CPU.ActiveCfg = PhoneDebug|Any CPU
		{A4B8FA2E-A89A-48F7-9EBC-64611DA536DC}.Release|Any CPU.ActiveCfg = Release|Any CPU
		{A4B8FA2E-A89A-48F7-9EBC-64611DA536DC}.Release|Any CPU.Build.0 = Release|Any CPU
		{A6CCDFCB-108E-4F74-8691-12434A04679C}.Debug|Any CPU.ActiveCfg = Debug|Any CPU
		{A6CCDFCB-108E-4F74-8691-12434A04679C}.Debug|Any CPU.Build.0 = Debug|Any CPU
		{A6CCDFCB-108E-4F74-8691-12434A04679C}.PhoneDebug|Any CPU.ActiveCfg = Debug|Any CPU
		{A6CCDFCB-108E-4F74-8691-12434A04679C}.Release|Any CPU.ActiveCfg = Release|Any CPU
		{A6CCDFCB-108E-4F74-8691-12434A04679C}.Release|Any CPU.Build.0 = Release|Any CPU
		{79F7DCA9-E6D9-406F-A76F-DC31558CE8FD}.Debug|Any CPU.ActiveCfg = Debug|Any CPU
		{79F7DCA9-E6D9-406F-A76F-DC31558CE8FD}.Debug|Any CPU.Build.0 = Debug|Any CPU
		{79F7DCA9-E6D9-406F-A76F-DC31558CE8FD}.PhoneDebug|Any CPU.ActiveCfg = Debug|Any CPU
		{79F7DCA9-E6D9-406F-A76F-DC31558CE8FD}.Release|Any CPU.ActiveCfg = Release|Any CPU
		{79F7DCA9-E6D9-406F-A76F-DC31558CE8FD}.Release|Any CPU.Build.0 = Release|Any CPU
		{4CA3ABFD-DE77-4BFF-BAFE-84351C700E5B}.Debug|Any CPU.ActiveCfg = Debug|Any CPU
		{4CA3ABFD-DE77-4BFF-BAFE-84351C700E5B}.Debug|Any CPU.Build.0 = Debug|Any CPU
		{4CA3ABFD-DE77-4BFF-BAFE-84351C700E5B}.PhoneDebug|Any CPU.ActiveCfg = PhoneDebug|Any CPU
		{4CA3ABFD-DE77-4BFF-BAFE-84351C700E5B}.Release|Any CPU.ActiveCfg = Release|Any CPU
		{4CA3ABFD-DE77-4BFF-BAFE-84351C700E5B}.Release|Any CPU.Build.0 = Release|Any CPU
		{5E8459A6-A712-46B1-8B77-2D96C965EC53}.Debug|Any CPU.ActiveCfg = Debug|Any CPU
		{5E8459A6-A712-46B1-8B77-2D96C965EC53}.Debug|Any CPU.Build.0 = Debug|Any CPU
		{5E8459A6-A712-46B1-8B77-2D96C965EC53}.PhoneDebug|Any CPU.ActiveCfg = PhoneDebug|Any CPU
		{5E8459A6-A712-46B1-8B77-2D96C965EC53}.Release|Any CPU.ActiveCfg = Release|Any CPU
		{5E8459A6-A712-46B1-8B77-2D96C965EC53}.Release|Any CPU.Build.0 = Release|Any CPU
		{09FF60A7-887B-4FE5-B196-8A68B0E375DB}.Debug|Any CPU.ActiveCfg = Debug|Any CPU
		{09FF60A7-887B-4FE5-B196-8A68B0E375DB}.Debug|Any CPU.Build.0 = Debug|Any CPU
		{09FF60A7-887B-4FE5-B196-8A68B0E375DB}.Debug|Any CPU.Deploy.0 = Debug|Any CPU
		{09FF60A7-887B-4FE5-B196-8A68B0E375DB}.PhoneDebug|Any CPU.ActiveCfg = PhoneDebug|Any CPU
		{09FF60A7-887B-4FE5-B196-8A68B0E375DB}.Release|Any CPU.ActiveCfg = Release|Any CPU
		{09FF60A7-887B-4FE5-B196-8A68B0E375DB}.Release|Any CPU.Build.0 = Release|Any CPU
		{2275537A-E7B3-4F24-BD9F-BA644498FE8A}.Debug|Any CPU.ActiveCfg = Debug|Any CPU
		{2275537A-E7B3-4F24-BD9F-BA644498FE8A}.Debug|Any CPU.Build.0 = Debug|Any CPU
		{2275537A-E7B3-4F24-BD9F-BA644498FE8A}.Debug|Any CPU.Deploy.0 = Debug|Any CPU
		{2275537A-E7B3-4F24-BD9F-BA644498FE8A}.PhoneDebug|Any CPU.ActiveCfg = Debug|Any CPU
		{2275537A-E7B3-4F24-BD9F-BA644498FE8A}.PhoneDebug|Any CPU.Build.0 = Debug|Any CPU
		{2275537A-E7B3-4F24-BD9F-BA644498FE8A}.PhoneDebug|Any CPU.Deploy.0 = Debug|Any CPU
		{2275537A-E7B3-4F24-BD9F-BA644498FE8A}.Release|Any CPU.ActiveCfg = Release|Any CPU
		{2275537A-E7B3-4F24-BD9F-BA644498FE8A}.Release|Any CPU.Build.0 = Release|Any CPU
		{2275537A-E7B3-4F24-BD9F-BA644498FE8A}.Release|Any CPU.Deploy.0 = Release|Any CPU
		{1721FD05-F014-4739-9B58-22B50E08478F}.Debug|Any CPU.ActiveCfg = Debug|Any CPU
		{1721FD05-F014-4739-9B58-22B50E08478F}.Debug|Any CPU.Build.0 = Debug|Any CPU
		{1721FD05-F014-4739-9B58-22B50E08478F}.PhoneDebug|Any CPU.ActiveCfg = Debug|Any CPU
		{1721FD05-F014-4739-9B58-22B50E08478F}.Release|Any CPU.ActiveCfg = Release|Any CPU
		{1721FD05-F014-4739-9B58-22B50E08478F}.Release|Any CPU.Build.0 = Release|Any CPU
		{9DCE3F10-8AAD-4B67-84AA-2DB32F1BB808}.Debug|Any CPU.ActiveCfg = Debug|Any CPU
		{9DCE3F10-8AAD-4B67-84AA-2DB32F1BB808}.Debug|Any CPU.Build.0 = Debug|Any CPU
		{9DCE3F10-8AAD-4B67-84AA-2DB32F1BB808}.PhoneDebug|Any CPU.ActiveCfg = Debug|Any CPU
		{9DCE3F10-8AAD-4B67-84AA-2DB32F1BB808}.Release|Any CPU.ActiveCfg = Release|Any CPU
		{9DCE3F10-8AAD-4B67-84AA-2DB32F1BB808}.Release|Any CPU.Build.0 = Release|Any CPU
		{C93DFACD-295E-49BF-8549-4385960F196B}.Debug|Any CPU.ActiveCfg = Debug|Any CPU
		{C93DFACD-295E-49BF-8549-4385960F196B}.Debug|Any CPU.Build.0 = Debug|Any CPU
		{C93DFACD-295E-49BF-8549-4385960F196B}.Debug|Any CPU.Deploy.0 = Debug|Any CPU
		{C93DFACD-295E-49BF-8549-4385960F196B}.PhoneDebug|Any CPU.ActiveCfg = Debug|Any CPU
		{C93DFACD-295E-49BF-8549-4385960F196B}.PhoneDebug|Any CPU.Build.0 = Debug|Any CPU
		{C93DFACD-295E-49BF-8549-4385960F196B}.PhoneDebug|Any CPU.Deploy.0 = Debug|Any CPU
		{C93DFACD-295E-49BF-8549-4385960F196B}.Release|Any CPU.ActiveCfg = Release|Any CPU
		{C93DFACD-295E-49BF-8549-4385960F196B}.Release|Any CPU.Build.0 = Release|Any CPU
		{C93DFACD-295E-49BF-8549-4385960F196B}.Release|Any CPU.Deploy.0 = Release|Any CPU
		{14672B57-6521-4140-AF53-338039167978}.Debug|Any CPU.ActiveCfg = Debug|Any CPU
		{14672B57-6521-4140-AF53-338039167978}.Debug|Any CPU.Build.0 = Debug|Any CPU
		{14672B57-6521-4140-AF53-338039167978}.PhoneDebug|Any CPU.ActiveCfg = Debug|Any CPU
		{14672B57-6521-4140-AF53-338039167978}.Release|Any CPU.ActiveCfg = Release|Any CPU
		{14672B57-6521-4140-AF53-338039167978}.Release|Any CPU.Build.0 = Release|Any CPU
		{427566E6-069C-48A7-914D-8AD50FF9FCC8}.Debug|Any CPU.ActiveCfg = Debug|Any CPU
		{427566E6-069C-48A7-914D-8AD50FF9FCC8}.Debug|Any CPU.Build.0 = Debug|Any CPU
		{427566E6-069C-48A7-914D-8AD50FF9FCC8}.PhoneDebug|Any CPU.ActiveCfg = Debug|Any CPU
		{427566E6-069C-48A7-914D-8AD50FF9FCC8}.Release|Any CPU.ActiveCfg = Release|Any CPU
		{427566E6-069C-48A7-914D-8AD50FF9FCC8}.Release|Any CPU.Build.0 = Release|Any CPU
		{483BFBC6-46DD-46D1-91C2-225991558B2D}.Debug|Any CPU.ActiveCfg = Debug|Any CPU
		{483BFBC6-46DD-46D1-91C2-225991558B2D}.Debug|Any CPU.Build.0 = Debug|Any CPU
		{483BFBC6-46DD-46D1-91C2-225991558B2D}.PhoneDebug|Any CPU.ActiveCfg = Debug|Any CPU
		{483BFBC6-46DD-46D1-91C2-225991558B2D}.Release|Any CPU.ActiveCfg = Release|Any CPU
		{483BFBC6-46DD-46D1-91C2-225991558B2D}.Release|Any CPU.Build.0 = Release|Any CPU
		{3BC829AC-1DE8-48A7-BE0C-D96CFE6CF0EA}.Debug|Any CPU.ActiveCfg = Debug|Any CPU
		{3BC829AC-1DE8-48A7-BE0C-D96CFE6CF0EA}.Debug|Any CPU.Build.0 = Debug|Any CPU
		{3BC829AC-1DE8-48A7-BE0C-D96CFE6CF0EA}.PhoneDebug|Any CPU.ActiveCfg = Debug|Any CPU
		{3BC829AC-1DE8-48A7-BE0C-D96CFE6CF0EA}.PhoneDebug|Any CPU.Build.0 = Debug|Any CPU
		{3BC829AC-1DE8-48A7-BE0C-D96CFE6CF0EA}.Release|Any CPU.ActiveCfg = Release|Any CPU
		{3BC829AC-1DE8-48A7-BE0C-D96CFE6CF0EA}.Release|Any CPU.Build.0 = Release|Any CPU
		{F3CC2EF9-B092-498A-A7D7-E52DE5370700}.Debug|Any CPU.ActiveCfg = Debug|Any CPU
		{F3CC2EF9-B092-498A-A7D7-E52DE5370700}.Debug|Any CPU.Build.0 = Debug|Any CPU
		{F3CC2EF9-B092-498A-A7D7-E52DE5370700}.PhoneDebug|Any CPU.ActiveCfg = Debug|Any CPU
		{F3CC2EF9-B092-498A-A7D7-E52DE5370700}.PhoneDebug|Any CPU.Build.0 = Debug|Any CPU
		{F3CC2EF9-B092-498A-A7D7-E52DE5370700}.Release|Any CPU.ActiveCfg = Release|Any CPU
		{F3CC2EF9-B092-498A-A7D7-E52DE5370700}.Release|Any CPU.Build.0 = Release|Any CPU
	EndGlobalSection
	GlobalSection(SolutionProperties) = preSolution
		HideSolutionNode = FALSE
	EndGlobalSection
	GlobalSection(NestedProjects) = preSolution
		{3C9C7EE0-3FE1-4F7C-AD8C-F1044B16A8DB} = {7911FD0C-5FF6-4FA9-93EB-45156AC65C3A}
		{A25361B9-FDCC-445F-B620-1267BC6B0B2C} = {7911FD0C-5FF6-4FA9-93EB-45156AC65C3A}
		{BB00EFBA-1D37-4444-AFB9-A14CFCCFBB2B} = {7911FD0C-5FF6-4FA9-93EB-45156AC65C3A}
		{09FF60A7-887B-4FE5-B196-8A68B0E375DB} = {7911FD0C-5FF6-4FA9-93EB-45156AC65C3A}
		{3BC829AC-1DE8-48A7-BE0C-D96CFE6CF0EA} = {7911FD0C-5FF6-4FA9-93EB-45156AC65C3A}
		{F3CC2EF9-B092-498A-A7D7-E52DE5370700} = {7911FD0C-5FF6-4FA9-93EB-45156AC65C3A}
		{A6347D06-5A68-4A22-97C6-9A3E3FEE3803} = {B7122D78-30B8-42EB-BD11-4421933A63F7}
		{EB28BA43-B790-45D5-BB3C-7AF9958406C0} = {B7122D78-30B8-42EB-BD11-4421933A63F7}
		{83C40984-784A-4DDD-8E23-EB860FE953D8} = {B7122D78-30B8-42EB-BD11-4421933A63F7}
		{A4B8FA2E-A89A-48F7-9EBC-64611DA536DC} = {B7122D78-30B8-42EB-BD11-4421933A63F7}
		{79F7DCA9-E6D9-406F-A76F-DC31558CE8FD} = {B7122D78-30B8-42EB-BD11-4421933A63F7}
		{5E8459A6-A712-46B1-8B77-2D96C965EC53} = {B7122D78-30B8-42EB-BD11-4421933A63F7}
		{9DCE3F10-8AAD-4B67-84AA-2DB32F1BB808} = {B7122D78-30B8-42EB-BD11-4421933A63F7}
		{C93DFACD-295E-49BF-8549-4385960F196B} = {B7122D78-30B8-42EB-BD11-4421933A63F7}
		{427566E6-069C-48A7-914D-8AD50FF9FCC8} = {B7122D78-30B8-42EB-BD11-4421933A63F7}
	EndGlobalSection
EndGlobal
